
Microsoft Visual Studio Solution File, Format Version 12.00
# Visual Studio Version 16
VisualStudioVersion = 16.0.32106.194
MinimumVisualStudioVersion = 10.0.40219.1
Project("{888888A0-9F3D-457C-B088-3A5042F75D52}") = "reviews", "reviews.pyproj", "{7417E22C-4077-417D-AD06-CB83B49A8DFC}"
EndProject
Global
	GlobalSection(SolutionConfigurationPlatforms) = preSolution
		Debug|Any CPU = Debug|Any CPU
		Release|Any CPU = Release|Any CPU
	EndGlobalSection
	GlobalSection(ProjectConfigurationPlatforms) = postSolution
		{7417E22C-4077-417D-AD06-CB83B49A8DFC}.Debug|Any CPU.ActiveCfg = Debug|Any CPU
		{7417E22C-4077-417D-AD06-CB83B49A8DFC}.Release|Any CPU.ActiveCfg = Release|Any CPU
	EndGlobalSection
	GlobalSection(SolutionProperties) = preSolution
		HideSolutionNode = FALSE
	EndGlobalSection
	GlobalSection(ExtensibilityGlobals) = postSolution
		SolutionGuid = {4FB706DD-3281-41AD-B71A-76E25B2F1F50}
	EndGlobalSection
EndGlobal
